
Microsoft Visual Studio Solution File, Format Version 12.00
# Visual Studio Version 16
VisualStudioVersion = 16.0.31205.134
MinimumVisualStudioVersion = 10.0.40219.1
Project("{FAE04EC0-301F-11D3-BF4B-00C04F79EFBC}") = "BMICaculationProgram", "BMICaculationProgram\BMICaculationProgram.csproj", "{D8909D2E-587C-4BE6-804D-B982F6C2202B}"
EndProject
Project("{FAE04EC0-301F-11D3-BF4B-00C04F79EFBC}") = "InputReaderLib", "InputReaderLib\InputReaderLib.csproj", "{8673A669-8841-4C84-8095-2199FEACB927}"
EndProject
Project("{FAE04EC0-301F-11D3-BF4B-00C04F79EFBC}") = "ClassLibrary1", "ClassLibrary1\ClassLibrary1.csproj", "{EB18CA1F-B9BF-484A-BF39-D91080572217}"
EndProject
Global
	GlobalSection(SolutionConfigurationPlatforms) = preSolution
		Debug|Any CPU = Debug|Any CPU
		Release|Any CPU = Release|Any CPU
	EndGlobalSection
	GlobalSection(ProjectConfigurationPlatforms) = postSolution
		{D8909D2E-587C-4BE6-804D-B982F6C2202B}.Debug|Any CPU.ActiveCfg = Debug|Any CPU
		{D8909D2E-587C-4BE6-804D-B982F6C2202B}.Debug|Any CPU.Build.0 = Debug|Any CPU
		{D8909D2E-587C-4BE6-804D-B982F6C2202B}.Release|Any CPU.ActiveCfg = Release|Any CPU
		{D8909D2E-587C-4BE6-804D-B982F6C2202B}.Release|Any CPU.Build.0 = Release|Any CPU
		{8673A669-8841-4C84-8095-2199FEACB927}.Debug|Any CPU.ActiveCfg = Debug|Any CPU
		{8673A669-8841-4C84-8095-2199FEACB927}.Debug|Any CPU.Build.0 = Debug|Any CPU
		{8673A669-8841-4C84-8095-2199FEACB927}.Release|Any CPU.ActiveCfg = Release|Any CPU
		{8673A669-8841-4C84-8095-2199FEACB927}.Release|Any CPU.Build.0 = Release|Any CPU
		{EB18CA1F-B9BF-484A-BF39-D91080572217}.Debug|Any CPU.ActiveCfg = Debug|Any CPU
		{EB18CA1F-B9BF-484A-BF39-D91080572217}.Debug|Any CPU.Build.0 = Debug|Any CPU
		{EB18CA1F-B9BF-484A-BF39-D91080572217}.Release|Any CPU.ActiveCfg = Release|Any CPU
		{EB18CA1F-B9BF-484A-BF39-D91080572217}.Release|Any CPU.Build.0 = Release|Any CPU
	EndGlobalSection
	GlobalSection(SolutionProperties) = preSolution
		HideSolutionNode = FALSE
	EndGlobalSection
	GlobalSection(ExtensibilityGlobals) = postSolution
		SolutionGuid = {D0F3CC23-ED27-4BE5-950C-9125259742C9}
	EndGlobalSection
EndGlobal
